
Microsoft Visual Studio Solution File, Format Version 12.00
# Visual Studio 2013
VisualStudioVersion = 12.0.31101.0
MinimumVisualStudioVersion = 10.0.40219.1
Project("{FAE04EC0-301F-11D3-BF4B-00C04F79EFBC}") = "HttpFileProxy", "HttpFileProxy\HttpFileProxy.csproj", "{657C8BEA-F0C9-4106-9077-8A0023741A9C}"
EndProject
Project("{FAE04EC0-301F-11D3-BF4B-00C04F79EFBC}") = "FileProxyClient", "FileProxyClient\FileProxyClient.csproj", "{ECBB8579-3F20-4B9D-89A1-7C26296A4F78}"
EndProject
Global
	GlobalSection(SolutionConfigurationPlatforms) = preSolution
		Debug|Any CPU = Debug|Any CPU
		Release|Any CPU = Release|Any CPU
	EndGlobalSection
	GlobalSection(ProjectConfigurationPlatforms) = postSolution
		{657C8BEA-F0C9-4106-9077-8A0023741A9C}.Debug|Any CPU.ActiveCfg = Debug|Any CPU
		{657C8BEA-F0C9-4106-9077-8A0023741A9C}.Debug|Any CPU.Build.0 = Debug|Any CPU
		{657C8BEA-F0C9-4106-9077-8A0023741A9C}.Release|Any CPU.ActiveCfg = Release|Any CPU
		{657C8BEA-F0C9-4106-9077-8A0023741A9C}.Release|Any CPU.Build.0 = Release|Any CPU
		{ECBB8579-3F20-4B9D-89A1-7C26296A4F78}.Debug|Any CPU.ActiveCfg = Debug|Any CPU
		{ECBB8579-3F20-4B9D-89A1-7C26296A4F78}.Debug|Any CPU.Build.0 = Debug|Any CPU
		{ECBB8579-3F20-4B9D-89A1-7C26296A4F78}.Release|Any CPU.ActiveCfg = Release|Any CPU
		{ECBB8579-3F20-4B9D-89A1-7C26296A4F78}.Release|Any CPU.Build.0 = Release|Any CPU
	EndGlobalSection
	GlobalSection(SolutionProperties) = preSolution
		HideSolutionNode = FALSE
	EndGlobalSection
EndGlobal
